{
  "lockfileVersion": 1,
  "workspaces": {
    "": {
      "dependencies": {
        "@types/dompurify": "^3.2.0",
        "dompurify": "^3.2.6",
      },
    },
  },
  "packages": {
    "@types/dompurify": ["@types/dompurify@3.2.0", "", { "dependencies": { "dompurify": "*" } }, "sha512-Fgg31wv9QbLDA0SpTOXO3MaxySc4DKGLi8sna4/Utjo4r3ZRPdCt4UQee8BWr+Q5z21yifghREPJGYaEOEIACg=="],

    "@types/trusted-types": ["@types/trusted-types@2.0.7", "", {}, "sha512-ScaPdn1dQczgbl0QFTeTOmVHFULt394XJgOQNoyVhZ6r2vLnMLJfBPd53SB52T/3G36VI1/g2MZaX0cwDuXsfw=="],

    "dompurify": ["dompurify@3.2.6", "", { "optionalDependencies": { "@types/trusted-types": "^2.0.7" } }, "sha512-/2GogDQlohXPZe6D6NOgQvXLPSYBqIWMnZ8zzOhn09REE4eyAzb+Hed3jhoM9OkuaJ8P6ZGTTVWQKAi8ieIzfQ=="],
  }
}
